PODS:
  - Alamofire (4.0.1)
  - KeychainAccess (3.0.0)
  - LoginKit (0.1.1):
    - Alamofire (~> 4.0)
    - KeychainAccess
    - SVProgressHUD
  - Nimble (5.0.0)
  - Quick (0.10.0)
  - SVProgressHUD (2.0.3)

DEPENDENCIES:
  - LoginKit (from `../`)
  - Nimble
  - Quick

EXTERNAL SOURCES:
  LoginKit:
    :path: "../"

SPEC CHECKSUMS:
  Alamofire: 7682d43245de14874acd142ec137b144aa1dd335
  KeychainAccess: 412bf2650d9aebfc8135a58103b90ec38caad7f8
  LoginKit: f8b0d0306f89894cff5b378cf92ca5c432ace963
  Nimble: 56fc9f5020effa2206de22c3dd910f4fb011b92f
  Quick: 5d290df1c69d5ee2f0729956dcf0fd9a30447eaa
  SVProgressHUD: b0830714205bea1317ea1a2ebc71e5633af334d4

PODFILE CHECKSUM: ef513b5316db15359eb30ac87ce01a039a8a6829

COCOAPODS: 1.1.0.rc.3
