PODS:
  - Alamofire (4.0.1)
  - IQKeyboardManagerSwift (4.0.6)
  - KeychainAccess (3.0.0)
  - LoginKit (0.1.1):
    - Alamofire (~> 4.0)
    - KeychainAccess
    - SVProgressHUD
  - Nimble (4.0.0)
  - OHHTTPStubs (5.2.1):
    - OHHTTPStubs/Default (= 5.2.1)
  - OHHTTPStubs/Core (5.2.1)
  - OHHTTPStubs/Default (5.2.1):
    - OHHTTPStubs/Core
    - OHHTTPStubs/JSON
    - OHHTTPStubs/NSURLSession
    - OHHTTPStubs/OHPathHelpers
  - OHHTTPStubs/JSON (5.2.1):
    - OHHTTPStubs/Core
  - OHHTTPStubs/NSURLSession (5.2.1):
    - OHHTTPStubs/Core
  - OHHTTPStubs/OHPathHelpers (5.2.1)
  - OHHTTPStubs/Swift (5.2.1):
    - OHHTTPStubs/Core
  - Quick (0.9.3)
  - SVProgressHUD (2.0.3)

DEPENDENCIES:
  - Alamofire (~> 4.0)
  - IQKeyboardManagerSwift
  - KeychainAccess
  - LoginKit (from `.`)
  - Nimble (= 4.0.0)
  - OHHTTPStubs
  - OHHTTPStubs/Swift
  - Quick (~> 0.9.0)
  - SVProgressHUD

EXTERNAL SOURCES:
  LoginKit:
    :path: "."

SPEC CHECKSUMS:
  Alamofire: 7682d43245de14874acd142ec137b144aa1dd335
  IQKeyboardManagerSwift: b3015e819559ca76381f87a0833f44d178564603
  KeychainAccess: 412bf2650d9aebfc8135a58103b90ec38caad7f8
  LoginKit: f8b0d0306f89894cff5b378cf92ca5c432ace963
  Nimble: 72bcc3e2f02242e6bfaaf8d9412ca7bfe3d8b417
  OHHTTPStubs: 3a42f25c00563b71355ac73112ba2324e9e6cef4
  Quick: 13a2a2b19a5d8e3ed4fd0c36ee46597fd77ebf71
  SVProgressHUD: b0830714205bea1317ea1a2ebc71e5633af334d4

PODFILE CHECKSUM: 665817c623c57daec876583878c55a3bf3336222

COCOAPODS: 1.1.0.rc.3
